<?xml version="1.0" encoding="utf-8"?>
<Project ToolsVersion="4.0" xmlns="http://schemas.microsoft.com/developer/msbuild/2003">
  <ItemGroup>
    <Filter Include="hack">
      <UniqueIdentifier>{8bee4936-afbd-44ae-8cb3-0054b700a373}</UniqueIdentifier>
    </Filter>
    <Filter Include="imgui">
      <UniqueIdentifier>{855a6451-f588-4aa8-aae1-b1e6899e4942}</UniqueIdentifier>
    </Filter>
    <Filter Include="entrypoint">
      <UniqueIdentifier>{b1ac245a-1340-4f56-a918-7b636b94f557}</UniqueIdentifier>
    </Filter>
    <Filter Include="common">
      <UniqueIdentifier>{e8c9e512-c08c-435f-a93c-8aade66745f1}</UniqueIdentifier>
    </Filter>
    <Filter Include="hack\pubg">
      <UniqueIdentifier>{c37ffaac-f326-479d-abfa-fc0c7425ac79}</UniqueIdentifier>
    </Filter>
    <Filter Include="hack\pubg\dumped">
      <UniqueIdentifier>{fdd6729f-7fba-4ff4-865f-d26d171ef5b9}</UniqueIdentifier>
    </Filter>
    <Filter Include="hack\pubg\info">
      <UniqueIdentifier>{5fc5ae3a-7d4f-4cd9-b8fc-d06efd8dbff8}</UniqueIdentifier>
    </Filter>
    <Filter Include="ue4math">
      <UniqueIdentifier>{db01860d-9575-4b12-8c85-e9dcb3f7216a}</UniqueIdentifier>
    </Filter>
  </ItemGroup>
  <ItemGroup>
    <ClInclude Include="dump.h">
      <Filter>hack</Filter>
    </ClInclude>
    <ClInclude Include="global.h">
      <Filter>hack</Filter>
    </ClInclude>
    <ClInclude Include="hack.h">
      <Filter>hack</Filter>
    </ClInclude>
    <ClInclude Include="pubg_class_input.h">
      <Filter>hack\pubg\dumped</Filter>
    </ClInclude>
    <ClInclude Include="pubg_class_output.h">
      <Filter>hack\pubg\dumped</Filter>
    </ClInclude>
    <ClInclude Include="info_bone.h">
      <Filter>hack\pubg\info</Filter>
    </ClInclude>
    <ClInclude Include="info_item.h">
      <Filter>hack\pubg\info</Filter>
    </ClInclude>
    <ClInclude Include="info_package.h">
      <Filter>hack\pubg\info</Filter>
    </ClInclude>
    <ClInclude Include="info_object.h">
      <Filter>hack\pubg\info</Filter>
    </ClInclude>
    <ClInclude Include="info_vehicle.h">
      <Filter>hack\pubg\info</Filter>
    </ClInclude>
    <ClInclude Include="GNames.h">
      <Filter>hack\pubg</Filter>
    </ClInclude>
    <ClInclude Include="GObjects.h">
      <Filter>hack\pubg</Filter>
    </ClInclude>
    <ClInclude Include="pubg_class.h">
      <Filter>hack\pubg</Filter>
    </ClInclude>
    <ClInclude Include="pubg_struct.h">
      <Filter>hack\pubg</Filter>
    </ClInclude>
    <ClInclude Include="pubg_process.h">
      <Filter>hack\pubg</Filter>
    </ClInclude>
    <ClInclude Include="kernel_lily.h">
      <Filter>hack</Filter>
    </ClInclude>
    <ClInclude Include="..\imgui\imconfig.h">
      <Filter>imgui</Filter>
    </ClInclude>
    <ClInclude Include="..\imgui\imgui.h">
      <Filter>imgui</Filter>
    </ClInclude>
    <ClInclude Include="..\imgui\imgui_impl_win32.h">
      <Filter>imgui</Filter>
    </ClInclude>
    <ClInclude Include="..\imgui\imgui_internal.h">
      <Filter>imgui</Filter>
    </ClInclude>
    <ClInclude Include="..\imgui\imstb_rectpack.h">
      <Filter>imgui</Filter>
    </ClInclude>
    <ClInclude Include="..\imgui\imstb_textedit.h">
      <Filter>imgui</Filter>
    </ClInclude>
    <ClInclude Include="..\imgui\imstb_truetype.h">
      <Filter>imgui</Filter>
    </ClInclude>
    <ClInclude Include="..\common\compiletime.h">
      <Filter>common</Filter>
    </ClInclude>
    <ClInclude Include="..\common\dbvm.h">
      <Filter>common</Filter>
    </ClInclude>
    <ClInclude Include="..\common\defclass.h">
      <Filter>common</Filter>
    </ClInclude>
    <ClInclude Include="..\common\encrypt_string.h">
      <Filter>common</Filter>
    </ClInclude>
    <ClInclude Include="..\common\exception.h">
      <Filter>common</Filter>
    </ClInclude>
    <ClInclude Include="..\common\fixed_string.hpp">
      <Filter>common</Filter>
    </ClInclude>
    <ClInclude Include="..\common\ida_defs.h">
      <Filter>common</Filter>
    </ClInclude>
    <ClInclude Include="..\common\initializer.h">
      <Filter>common</Filter>
    </ClInclude>
    <ClInclude Include="..\common\kernel.h">
      <Filter>common</Filter>
    </ClInclude>
    <ClInclude Include="..\common\util.h">
      <Filter>common</Filter>
    </ClInclude>
    <ClInclude Include="..\common\msrnames.h">
      <Filter>common</Filter>
    </ClInclude>
    <ClInclude Include="..\common\obcallback.h">
      <Filter>common</Filter>
    </ClInclude>
    <ClInclude Include="..\common\patternscan.h">
      <Filter>common</Filter>
    </ClInclude>
    <ClInclude Include="..\common\peb.h">
      <Filter>common</Filter>
    </ClInclude>
    <ClInclude Include="..\common\physicalmemory.h">
      <Filter>common</Filter>
    </ClInclude>
    <ClInclude Include="..\common\process.h">
      <Filter>common</Filter>
    </ClInclude>
    <ClInclude Include="..\common\remoteprocess.h">
      <Filter>common</Filter>
    </ClInclude>
    <ClInclude Include="..\common\shellcode.h">
      <Filter>common</Filter>
    </ClInclude>
    <ClInclude Include="pubg_func.h">
      <Filter>hack\pubg</Filter>
    </ClInclude>
    <ClInclude Include="..\common\harderror.h">
      <Filter>common</Filter>
    </ClInclude>
    <ClInclude Include="..\common\function_ref.hpp">
      <Filter>common</Filter>
    </ClInclude>
    <ClInclude Include="..\imgui\imgui_impl_dx11.h">
      <Filter>imgui</Filter>
    </ClInclude>
    <ClInclude Include="..\ue4math\matrix.h">
      <Filter>ue4math</Filter>
    </ClInclude>
    <ClInclude Include="..\ue4math\quat.h">
      <Filter>ue4math</Filter>
    </ClInclude>
    <ClInclude Include="..\ue4math\rotator.h">
      <Filter>ue4math</Filter>
    </ClInclude>
    <ClInclude Include="..\ue4math\transform.h">
      <Filter>ue4math</Filter>
    </ClInclude>
    <ClInclude Include="..\ue4math\ue4math.h">
      <Filter>ue4math</Filter>
    </ClInclude>
    <ClInclude Include="..\ue4math\vector.h">
      <Filter>ue4math</Filter>
    </ClInclude>
    <ClInclude Include="render_lily.h">
      <Filter>hack</Filter>
    </ClInclude>
    <ClInclude Include="..\common\render.h">
      <Filter>common</Filter>
    </ClInclude>
    <ClInclude Include="..\common\render_dcomp.h">
      <Filter>common</Filter>
    </ClInclude>
    <ClInclude Include="..\common\render_ddraw.h">
      <Filter>common</Filter>
    </ClInclude>
    <ClInclude Include="info_weapon.h">
      <Filter>hack\pubg\info</Filter>
    </ClInclude>
    <ClInclude Include="info_character.h">
      <Filter>hack\pubg\info</Filter>
    </ClInclude>
    <ClInclude Include="..\common\json.hpp">
      <Filter>common</Filter>
    </ClInclude>
    <ClInclude Include="..\common\async_wininet.h">
      <Filter>common</Filter>
    </ClInclude>
    <ClInclude Include="userinfo.h">
      <Filter>hack</Filter>
    </ClInclude>
    <ClInclude Include="..\common\download.h">
      <Filter>common</Filter>
    </ClInclude>
  </ItemGroup>
  <ItemGroup>
    <ClCompile Include="hack_main.cpp">
      <Filter>hack</Filter>
    </ClCompile>
    <ClCompile Include="pubg_class_pubg.cpp">
      <Filter>hack\pubg</Filter>
    </ClCompile>
    <ClCompile Include="pubg_class_ue4.cpp">
      <Filter>hack\pubg</Filter>
    </ClCompile>
    <ClCompile Include="crtmain.cpp">
      <Filter>entrypoint</Filter>
    </ClCompile>
    <ClCompile Include="dllmain.cpp">
      <Filter>entrypoint</Filter>
    </ClCompile>
    <ClCompile Include="..\imgui\imgui.cpp">
      <Filter>imgui</Filter>
    </ClCompile>
    <ClCompile Include="..\imgui\imgui_draw.cpp">
      <Filter>imgui</Filter>
    </ClCompile>
    <ClCompile Include="..\imgui\imgui_impl_win32.cpp">
      <Filter>imgui</Filter>
    </ClCompile>
    <ClCompile Include="..\imgui\imgui_tables.cpp">
      <Filter>imgui</Filter>
    </ClCompile>
    <ClCompile Include="..\imgui\imgui_widgets.cpp">
      <Filter>imgui</Filter>
    </ClCompile>
    <ClCompile Include="main.cpp">
      <Filter>entrypoint</Filter>
    </ClCompile>
    <ClCompile Include="hack_ui.cpp">
      <Filter>hack</Filter>
    </ClCompile>
    <ClCompile Include="..\imgui\imgui_impl_dx11_custom.cpp">
      <Filter>imgui</Filter>
    </ClCompile>
    <ClCompile Include="..\ue4math\matrix.cpp">
      <Filter>ue4math</Filter>
    </ClCompile>
    <ClCompile Include="..\ue4math\quat.cpp">
      <Filter>ue4math</Filter>
    </ClCompile>
    <ClCompile Include="..\ue4math\rotator.cpp">
      <Filter>ue4math</Filter>
    </ClCompile>
    <ClCompile Include="..\ue4math\transform.cpp">
      <Filter>ue4math</Filter>
    </ClCompile>
    <ClCompile Include="..\ue4math\vector.cpp">
      <Filter>ue4math</Filter>
    </ClCompile>
    <ClCompile Include="..\common\render.cpp">
      <Filter>common</Filter>
    </ClCompile>
    <ClCompile Include="GNames.cpp">
      <Filter>hack\pubg</Filter>
    </ClCompile>
    <ClCompile Include="pubg_struct.cpp">
      <Filter>hack\pubg</Filter>
    </ClCompile>
    <ClCompile Include="hack_userlist.cpp">
      <Filter>hack</Filter>
    </ClCompile>
  </ItemGroup>
  <ItemGroup>
    <MASM Include="pubg_process_.asm">
      <Filter>hack\pubg</Filter>
    </MASM>
    <MASM Include="..\common\dbvm_.asm">
      <Filter>common</Filter>
    </MASM>
    <MASM Include="..\common\kernel_.asm">
      <Filter>common</Filter>
    </MASM>
  </ItemGroup>
</Project>